
Microsoft Visual Studio Solution File, Format Version 12.00
# Visual Studio 15
VisualStudioVersion = 15.0.27130.2020
MinimumVisualStudioVersion = 10.0.40219.1
Project("{FAE04EC0-301F-11D3-BF4B-00C04F79EFBC}") = "FirstProject", "FirstProject\FirstProject.csproj", "{D1C2CA9A-C278-4294-8E45-15C952E1C79C}"
EndProject
Global
	GlobalSection(SolutionConfigurationPlatforms) = preSolution
		Debug|Any CPU = Debug|Any CPU
		Release|Any CPU = Release|Any CPU
	EndGlobalSection
	GlobalSection(ProjectConfigurationPlatforms) = postSolution
		{D1C2CA9A-C278-4294-8E45-15C952E1C79C}.Debug|Any CPU.ActiveCfg = Debug|Any CPU
		{D1C2CA9A-C278-4294-8E45-15C952E1C79C}.Debug|Any CPU.Build.0 = Debug|Any CPU
		{D1C2CA9A-C278-4294-8E45-15C952E1C79C}.Release|Any CPU.ActiveCfg = Release|Any CPU
		{D1C2CA9A-C278-4294-8E45-15C952E1C79C}.Release|Any CPU.Build.0 = Release|Any CPU
	EndGlobalSection
	GlobalSection(SolutionProperties) = preSolution
		HideSolutionNode = FALSE
	EndGlobalSection
	GlobalSection(ExtensibilityGlobals) = postSolution
		SolutionGuid = {B8594698-EE94-4783-B3C9-A530E758B44E}
	EndGlobalSection
EndGlobal
